<?xml version="1.0" encoding="utf-8"?>
<Project ToolsVersion="4.0" xmlns="http://schemas.microsoft.com/developer/msbuild/2003">
  <ItemGroup>
    <Filter Include="Source Files">
      <UniqueIdentifier>{4FC737F1-C7A5-4376-A066-2A32D752A2FF}</UniqueIdentifier>
      <Extensions>cpp;c;cc;cxx;def;odl;idl;hpj;bat;asm;asmx</Extensions>
    </Filter>
    <Filter Include="Header Files">
      <UniqueIdentifier>{93995380-89BD-4b04-88EB-625FBE52EBFB}</UniqueIdentifier>
      <Extensions>h;hh;hpp;hxx;hm;inl;inc;xsd</Extensions>
    </Filter>
    <Filter Include="Resource Files">
      <UniqueIdentifier>{67DA6AB6-F800-4c08-8B7A-83BB121AAD01}</UniqueIdentifier>
      <Extensions>rc;ico;cur;bmp;dlg;rc2;rct;bin;rgs;gif;jpg;jpeg;jpe;resx;tiff;tif;png;wav;mfcribbon-ms</Extensions>
    </Filter>
  </ItemGroup>
  <ItemGroup>
    <ClInclude Include="P23.MetaTrader4.Manager.ClrWrapper.h">
      <Filter>Header Files</Filter>
    </ClInclude>
    <ClInclude Include="Stdafx.h">
      <Filter>Header Files</Filter>
    </ClInclude>
    <ClInclude Include="resource.h">
      <Filter>Header Files</Filter>
    </ClInclude>
    <ClInclude Include="MT4ManagerAPI.h">
      <Filter>Header Files</Filter>
    </ClInclude>
    <ClInclude Include="UnmanagedHelpers.h">
      <Filter>Header Files</Filter>
    </ClInclude>
    <ClInclude Include="VersionNo.h">
      <Filter>Header Files</Filter>
    </ClInclude>
    <ClInclude Include="P23.MetaTrader4.Manager.CManager.h">
      <Filter>Header Files</Filter>
    </ClInclude>
  </ItemGroup>
  <ItemGroup>
    <ClCompile Include="P23.MetaTrader4.Manager.ClrWrapper.cpp">
      <Filter>Source Files</Filter>
    </ClCompile>
    <ClCompile Include="AssemblyInfo.cpp">
      <Filter>Source Files</Filter>
    </ClCompile>
    <ClCompile Include="Stdafx.cpp">
      <Filter>Source Files</Filter>
    </ClCompile>
    <ClCompile Include="Connection.cpp">
      <Filter>Source Files</Filter>
    </ClCompile>
    <ClCompile Include="ConversionHelpers.cpp">
      <Filter>Source Files</Filter>
    </ClCompile>
    <ClCompile Include="Helpers.cpp">
      <Filter>Source Files</Filter>
    </ClCompile>
    <ClCompile Include="Pumping.cpp">
      <Filter>Source Files</Filter>
    </ClCompile>
    <ClCompile Include="ServerAdministration.cpp">
      <Filter>Source Files</Filter>
    </ClCompile>
    <ClCompile Include="UnmanagedHelpers.cpp">
      <Filter>Source Files</Filter>
    </ClCompile>
    <ClCompile Include="ConfigurationRequests.cpp">
      <Filter>Source Files</Filter>
    </ClCompile>
    <ClCompile Include="ConfigurationUpdates.cpp">
      <Filter>Source Files</Filter>
    </ClCompile>
    <ClCompile Include="ConfigurationDeletes.cpp">
      <Filter>Source Files</Filter>
    </ClCompile>
    <ClCompile Include="ConfigurationShifts.cpp">
      <Filter>Source Files</Filter>
    </ClCompile>
    <ClCompile Include="ServerFeeders.cpp">
      <Filter>Source Files</Filter>
    </ClCompile>
    <ClCompile Include="PerformanceInfo.cpp">
      <Filter>Source Files</Filter>
    </ClCompile>
    <ClCompile Include="Backups.cpp">
      <Filter>Source Files</Filter>
    </ClCompile>
    <ClCompile Include="AdministratorDatabaseCommands.cpp">
      <Filter>Source Files</Filter>
    </ClCompile>
    <ClCompile Include="SymbolCommands.cpp">
      <Filter>Source Files</Filter>
    </ClCompile>
    <ClCompile Include="ManagerCommands.cpp">
      <Filter>Source Files</Filter>
    </ClCompile>
    <ClCompile Include="Journal.cpp">
      <Filter>Source Files</Filter>
    </ClCompile>
    <ClCompile Include="Users.cpp">
      <Filter>Source Files</Filter>
    </ClCompile>
    <ClCompile Include="Orders.cpp">
      <Filter>Source Files</Filter>
    </ClCompile>
    <ClCompile Include="Reports.cpp">
      <Filter>Source Files</Filter>
    </ClCompile>
    <ClCompile Include="Dealing.cpp">
      <Filter>Source Files</Filter>
    </ClCompile>
    <ClCompile Include="RiskManagement.cpp">
      <Filter>Source Files</Filter>
    </ClCompile>
    <ClCompile Include="ChartBases.cpp">
      <Filter>Source Files</Filter>
    </ClCompile>
    <ClCompile Include="PumpingExtended.cpp">
      <Filter>Source Files</Filter>
    </ClCompile>
    <ClCompile Include="ProfitRecalculation.cpp">
      <Filter>Source Files</Filter>
    </ClCompile>
    <ClCompile Include="NewSymbolCommands.cpp">
      <Filter>Source Files</Filter>
    </ClCompile>
    <ClCompile Include="NetworkStatistics.cpp">
      <Filter>Source Files</Filter>
    </ClCompile>
    <ClCompile Include="ManagerCommon.cpp">
      <Filter>Source Files</Filter>
    </ClCompile>
    <ClCompile Include="LogAccess.cpp">
      <Filter>Source Files</Filter>
    </ClCompile>
    <ClCompile Include="CheckLicense.cpp">
      <Filter>Source Files</Filter>
    </ClCompile>
    <ClCompile Include="GatewayConfigurationRequests.cpp">
      <Filter>Source Files</Filter>
    </ClCompile>
    <ClCompile Include="GatewayConfigurationUpdates.cpp">
      <Filter>Source Files</Filter>
    </ClCompile>
    <ClCompile Include="GatewayConfigurationDeletes.cpp">
      <Filter>Source Files</Filter>
    </ClCompile>
    <ClCompile Include="GaetwayConfigurationShifts.cpp">
      <Filter>Source Files</Filter>
    </ClCompile>
    <ClCompile Include="Notifications.cpp">
      <Filter>Source Files</Filter>
    </ClCompile>
    <ClCompile Include="P23.MetaTrader4.Manager.CManager.cpp">
      <Filter>Source Files</Filter>
    </ClCompile>
  </ItemGroup>
  <ItemGroup>
    <Text Include="ReadMe.txt" />
  </ItemGroup>
  <ItemGroup>
    <ResourceCompile Include="app.rc">
      <Filter>Resource Files</Filter>
    </ResourceCompile>
  </ItemGroup>
  <ItemGroup>
    <Image Include="app.ico">
      <Filter>Resource Files</Filter>
    </Image>
  </ItemGroup>
  <ItemGroup>
    <None Include="signkey.snk" />
  </ItemGroup>
</Project>